// !$*UTF8*$!
{
	archiveVersion = 1;
	classes = {
	};
	objectVersion = 50;
	objects = {

/* Begin PBXBuildFile section */
		4377CE94242A598600BD4A8D /* AppDelegate.swift in Sources */ = {isa = PBXBuildFile; fileRef = 4377CE93242A598600BD4A8D /* AppDelegate.swift */; };
		4377CE96242A598600BD4A8D /* SceneDelegate.swift in Sources */ = {isa = PBXBuildFile; fileRef = 4377CE95242A598600BD4A8D /* SceneDelegate.swift */; };
		4377CE98242A598600BD4A8D /* ContentView.swift in Sources */ = {isa = PBXBuildFile; fileRef = 4377CE97242A598600BD4A8D /* ContentView.swift */; };
		4377CE9A242A598900BD4A8D /* Assets.xcassets in Resources */ = {isa = PBXBuildFile; fileRef = 4377CE99242A598900BD4A8D /* Assets.xcassets */; };
		4377CE9D242A598900BD4A8D /* Preview Assets.xcassets in Resources */ = {isa = PBXBuildFile; fileRef = 4377CE9C242A598900BD4A8D /* Preview Assets.xcassets */; };
		4377CEA0242A598900BD4A8D /* LaunchScreen.storyboard in Resources */ = {isa = PBXBuildFile; fileRef = 4377CE9E242A598900BD4A8D /* LaunchScreen.storyboard */; };
		4377CEAB242A598A00BD4A8D /* StepWidgetTests.swift in Sources */ = {isa = PBXBuildFile; fileRef = 4377CEAA242A598A00BD4A8D /* StepWidgetTests.swift */; };
		4377CEB8242A5CF300BD4A8D /* HealthKit.framework in Frameworks */ = {isa = PBXBuildFile; fileRef = 4377CEB7242A5CF300BD4A8D /* HealthKit.framework */; };
		4377CEBA242A5D6F00BD4A8D /* HealthKitAssistant.swift in Sources */ = {isa = PBXBuildFile; fileRef = 4377CEB9242A5D6F00BD4A8D /* HealthKitAssistant.swift */; };
		4377CEBC242BB89E00BD4A8D /* HealthDataStore.swift in Sources */ = {isa = PBXBuildFile; fileRef = 4377CEBB242BB89D00BD4A8D /* HealthDataStore.swift */; };
		439D402E24327E7300D80CE8 /* NotificationCenter.framework in Frameworks */ = {isa = PBXBuildFile; fileRef = 439D402D24327E7300D80CE8 /* NotificationCenter.framework */; };
		439D403124327E7300D80CE8 /* TodayViewController.swift in Sources */ = {isa = PBXBuildFile; fileRef = 439D403024327E7300D80CE8 /* TodayViewController.swift */; };
		439D403424327E7300D80CE8 /* MainInterface.storyboard in Resources */ = {isa = PBXBuildFile; fileRef = 439D403224327E7300D80CE8 /* MainInterface.storyboard */; };
		439D403824327E7300D80CE8 /* StepWidgetWidget.appex in Embed App Extensions */ = {isa = PBXBuildFile; fileRef = 439D402C24327E7300D80CE8 /* StepWidgetWidget.appex */; settings = {ATTRIBUTES = (RemoveHeadersOnCopy, ); }; };
/* End PBXBuildFile section */

/* Begin PBXContainerItemProxy section */
		4377CEA7242A598A00BD4A8D /* PBXContainerItemProxy */ = {
			isa = PBXContainerItemProxy;
			containerPortal = 4377CE88242A598600BD4A8D /* Project object */;
			proxyType = 1;
			remoteGlobalIDString = 4377CE8F242A598600BD4A8D;
			remoteInfo = StepWidget;
		};
		439D403624327E7300D80CE8 /* PBXContainerItemProxy */ = {
			isa = PBXContainerItemProxy;
			containerPortal = 4377CE88242A598600BD4A8D /* Project object */;
			proxyType = 1;
			remoteGlobalIDString = 439D402B24327E7300D80CE8;
			remoteInfo = StepWidgetWidget;
		};
/* End PBXContainerItemProxy section */

/* Begin PBXCopyFilesBuildPhase section */
		439D403924327E7300D80CE8 /* Embed App Extensions */ = {
			isa = PBXCopyFilesBuildPhase;
			buildActionMask = 2147483647;
			dstPath = "";
			dstSubfolderSpec = 13;
			files = (
				439D403824327E7300D80CE8 /* StepWidgetWidget.appex in Embed App Extensions */,
			);
			name = "Embed App Extensions";
			runOnlyForDeploymentPostprocessing = 0;
		};
/* End PBXCopyFilesBuildPhase section */

/* Begin PBXFileReference section */
		4377CE90242A598600BD4A8D /* StepWidget.app */ = {isa = PBXFileReference; explicitFileType = wrapper.application; includeInIndex = 0; path = StepWidget.app; sourceTree = BUILT_PRODUCTS_DIR; };
		4377CE93242A598600BD4A8D /* AppDelegate.swift */ = {isa = PBXFileReference; lastKnownFileType = sourcecode.swift; path = AppDelegate.swift; sourceTree = "<group>"; };
		4377CE95242A598600BD4A8D /* SceneDelegate.swift */ = {isa = PBXFileReference; lastKnownFileType = sourcecode.swift; path = SceneDelegate.swift; sourceTree = "<group>"; };
		4377CE97242A598600BD4A8D /* ContentView.swift */ = {isa = PBXFileReference; lastKnownFileType = sourcecode.swift; path = ContentView.swift; sourceTree = "<group>"; };
		4377CE99242A598900BD4A8D /* Assets.xcassets */ = {isa = PBXFileReference; lastKnownFileType = folder.assetcatalog; path = Assets.xcassets; sourceTree = "<group>"; };
		4377CE9C242A598900BD4A8D /* Preview Assets.xcassets */ = {isa = PBXFileReference; lastKnownFileType = folder.assetcatalog; path = "Preview Assets.xcassets"; sourceTree = "<group>"; };
		4377CE9F242A598900BD4A8D /* Base */ = {isa = PBXFileReference; lastKnownFileType = file.storyboard; name = Base; path = Base.lproj/LaunchScreen.storyboard; sourceTree = "<group>"; };
		4377CEA1242A598900BD4A8D /* Info.plist */ = {isa = PBXFileReference; lastKnownFileType = text.plist.xml; path = Info.plist; sourceTree = "<group>"; };
		4377CEA6242A598A00BD4A8D /* StepWidgetTests.xctest */ = {isa = PBXFileReference; explicitFileType = wrapper.cfbundle; includeInIndex = 0; path = StepWidgetTests.xctest; sourceTree = BUILT_PRODUCTS_DIR; };
		4377CEAA242A598A00BD4A8D /* StepWidgetTests.swift */ = {isa = PBXFileReference; lastKnownFileType = sourcecode.swift; path = StepWidgetTests.swift; sourceTree = "<group>"; };
		4377CEAC242A598A00BD4A8D /* Info.plist */ = {isa = PBXFileReference; lastKnownFileType = text.plist.xml; path = Info.plist; sourceTree = "<group>"; };
		4377CEB5242A5CF300BD4A8D /* StepWidget.entitlements */ = {isa = PBXFileReference; lastKnownFileType = text.plist.entitlements; path = StepWidget.entitlements; sourceTree = "<group>"; };
		4377CEB7242A5CF300BD4A8D /* HealthKit.framework */ = {isa = PBXFileReference; lastKnownFileType = wrapper.framework; name = HealthKit.framework; path = System/Library/Frameworks/HealthKit.framework; sourceTree = SDKROOT; };
		4377CEB9242A5D6F00BD4A8D /* HealthKitAssistant.swift */ = {isa = PBXFileReference; lastKnownFileType = sourcecode.swift; path = HealthKitAssistant.swift; sourceTree = "<group>"; };
		4377CEBB242BB89D00BD4A8D /* HealthDataStore.swift */ = {isa = PBXFileReference; lastKnownFileType = sourcecode.swift; path = HealthDataStore.swift; sourceTree = "<group>"; };
		439D402C24327E7300D80CE8 /* StepWidgetWidget.appex */ = {isa = PBXFileReference; explicitFileType = "wrapper.app-extension"; includeInIndex = 0; path = StepWidgetWidget.appex; sourceTree = BUILT_PRODUCTS_DIR; };
		439D402D24327E7300D80CE8 /* NotificationCenter.framework */ = {isa = PBXFileReference; lastKnownFileType = wrapper.framework; name = NotificationCenter.framework; path = System/Library/Frameworks/NotificationCenter.framework; sourceTree = SDKROOT; };
		439D403024327E7300D80CE8 /* TodayViewController.swift */ = {isa = PBXFileReference; lastKnownFileType = sourcecode.swift; path = TodayViewController.swift; sourceTree = "<group>"; };
		439D403324327E7300D80CE8 /* Base */ = {isa = PBXFileReference; lastKnownFileType = file.storyboard; name = Base; path = Base.lproj/MainInterface.storyboard; sourceTree = "<group>"; };
		439D403524327E7300D80CE8 /* Info.plist */ = {isa = PBXFileReference; lastKnownFileType = text.plist.xml; path = Info.plist; sourceTree = "<group>"; };
/* End PBXFileReference section */

/* Begin PBXFrameworksBuildPhase section */
		4377CE8D242A598600BD4A8D /* Frameworks */ = {
			isa = PBXFrameworksBuildPhase;
			buildActionMask = 2147483647;
			files = (
				4377CEB8242A5CF300BD4A8D /* HealthKit.framework in Frameworks */,
			);
			runOnlyForDeploymentPostprocessing = 0;
		};
		4377CEA3242A598A00BD4A8D /* Frameworks */ = {
			isa = PBXFrameworksBuildPhase;
			buildActionMask = 2147483647;
			files = (
			);
			runOnlyForDeploymentPostprocessing = 0;
		};
		439D402924327E7300D80CE8 /* Frameworks */ = {
			isa = PBXFrameworksBuildPhase;
			buildActionMask = 2147483647;
			files = (
				439D402E24327E7300D80CE8 /* NotificationCenter.framework in Frameworks */,
			);
			runOnlyForDeploymentPostprocessing = 0;
		};
/* End PBXFrameworksBuildPhase section */

/* Begin PBXGroup section */
		4377CE87242A598600BD4A8D = {
			isa = PBXGroup;
			children = (
				4377CE92242A598600BD4A8D /* StepWidget */,
				4377CEA9242A598A00BD4A8D /* StepWidgetTests */,
				439D402F24327E7300D80CE8 /* StepWidgetWidget */,
				4377CE91242A598600BD4A8D /* Products */,
				4377CEB6242A5CF300BD4A8D /* Frameworks */,
			);
			sourceTree = "<group>";
		};
		4377CE91242A598600BD4A8D /* Products */ = {
			isa = PBXGroup;
			children = (
				4377CE90242A598600BD4A8D /* StepWidget.app */,
				4377CEA6242A598A00BD4A8D /* StepWidgetTests.xctest */,
				439D402C24327E7300D80CE8 /* StepWidgetWidget.appex */,
			);
			name = Products;
			sourceTree = "<group>";
		};
		4377CE92242A598600BD4A8D /* StepWidget */ = {
			isa = PBXGroup;
			children = (
				4377CEB5242A5CF300BD4A8D /* StepWidget.entitlements */,
				4377CE93242A598600BD4A8D /* AppDelegate.swift */,
				4377CE95242A598600BD4A8D /* SceneDelegate.swift */,
				4377CE97242A598600BD4A8D /* ContentView.swift */,
				4377CE99242A598900BD4A8D /* Assets.xcassets */,
				4377CE9E242A598900BD4A8D /* LaunchScreen.storyboard */,
				4377CEA1242A598900BD4A8D /* Info.plist */,
				4377CE9B242A598900BD4A8D /* Preview Content */,
				4377CEB9242A5D6F00BD4A8D /* HealthKitAssistant.swift */,
				4377CEBB242BB89D00BD4A8D /* HealthDataStore.swift */,
			);
			path = StepWidget;
			sourceTree = "<group>";
		};
		4377CE9B242A598900BD4A8D /* Preview Content */ = {
			isa = PBXGroup;
			children = (
				4377CE9C242A598900BD4A8D /* Preview Assets.xcassets */,
			);
			path = "Preview Content";
			sourceTree = "<group>";
		};
		4377CEA9242A598A00BD4A8D /* StepWidgetTests */ = {
			isa = PBXGroup;
			children = (
				4377CEAA242A598A00BD4A8D /* StepWidgetTests.swift */,
				4377CEAC242A598A00BD4A8D /* Info.plist */,
			);
			path = StepWidgetTests;
			sourceTree = "<group>";
		};
		4377CEB6242A5CF300BD4A8D /* Frameworks */ = {
			isa = PBXGroup;
			children = (
				4377CEB7242A5CF300BD4A8D /* HealthKit.framework */,
				439D402D24327E7300D80CE8 /* NotificationCenter.framework */,
			);
			name = Frameworks;
			sourceTree = "<group>";
		};
		439D402F24327E7300D80CE8 /* StepWidgetWidget */ = {
			isa = PBXGroup;
			children = (
				439D403024327E7300D80CE8 /* TodayViewController.swift */,
				439D403224327E7300D80CE8 /* MainInterface.storyboard */,
				439D403524327E7300D80CE8 /* Info.plist */,
			);
			path = StepWidgetWidget;
			sourceTree = "<group>";
		};
/* End PBXGroup section */

/* Begin PBXNativeTarget section */
		4377CE8F242A598600BD4A8D /* StepWidget */ = {
			isa = PBXNativeTarget;
			buildConfigurationList = 4377CEAF242A598A00BD4A8D /* Build configuration list for PBXNativeTarget "StepWidget" */;
			buildPhases = (
				4377CE8C242A598600BD4A8D /* Sources */,
				4377CE8D242A598600BD4A8D /* Frameworks */,
				4377CE8E242A598600BD4A8D /* Resources */,
				439D403924327E7300D80CE8 /* Embed App Extensions */,
			);
			buildRules = (
			);
			dependencies = (
				439D403724327E7300D80CE8 /* PBXTargetDependency */,
			);
			name = StepWidget;
			productName = StepWidget;
			productReference = 4377CE90242A598600BD4A8D /* StepWidget.app */;
			productType = "com.apple.product-type.application";
		};
		4377CEA5242A598A00BD4A8D /* StepWidgetTests */ = {
			isa = PBXNativeTarget;
			buildConfigurationList = 4377CEB2242A598A00BD4A8D /* Build configuration list for PBXNativeTarget "StepWidgetTests" */;
			buildPhases = (
				4377CEA2242A598A00BD4A8D /* Sources */,
				4377CEA3242A598A00BD4A8D /* Frameworks */,
				4377CEA4242A598A00BD4A8D /* Resources */,
			);
			buildRules = (
			);
			dependencies = (
				4377CEA8242A598A00BD4A8D /* PBXTargetDependency */,
			);
			name = StepWidgetTests;
			productName = StepWidgetTests;
			productReference = 4377CEA6242A598A00BD4A8D /* StepWidgetTests.xctest */;
			productType = "com.apple.product-type.bundle.unit-test";
		};
		439D402B24327E7300D80CE8 /* StepWidgetWidget */ = {
			isa = PBXNativeTarget;
			buildConfigurationList = 439D403C24327E7300D80CE8 /* Build configuration list for PBXNativeTarget "StepWidgetWidget" */;
			buildPhases = (
				439D402824327E7300D80CE8 /* Sources */,
				439D402924327E7300D80CE8 /* Frameworks */,
				439D402A24327E7300D80CE8 /* Resources */,
			);
			buildRules = (
			);
			dependencies = (
			);
			name = StepWidgetWidget;
			productName = StepWidgetWidget;
			productReference = 439D402C24327E7300D80CE8 /* StepWidgetWidget.appex */;
			productType = "com.apple.product-type.app-extension";
		};
/* End PBXNativeTarget section */

/* Begin PBXProject section */
		4377CE88242A598600BD4A8D /* Project object */ = {
			isa = PBXProject;
			attributes = {
				LastSwiftUpdateCheck = 1130;
				LastUpgradeCheck = 1130;
				ORGANIZATIONNAME = DetroitLabs;
				TargetAttributes = {
					4377CE8F242A598600BD4A8D = {
						CreatedOnToolsVersion = 11.3.1;
					};
					4377CEA5242A598A00BD4A8D = {
						CreatedOnToolsVersion = 11.3.1;
						TestTargetID = 4377CE8F242A598600BD4A8D;
					};
					439D402B24327E7300D80CE8 = {
						CreatedOnToolsVersion = 11.3.1;
					};
				};
			};
			buildConfigurationList = 4377CE8B242A598600BD4A8D /* Build configuration list for PBXProject "StepWidget" */;
			compatibilityVersion = "Xcode 9.3";
			developmentRegion = en;
			hasScannedForEncodings = 0;
			knownRegions = (
				en,
				Base,
			);
			mainGroup = 4377CE87242A598600BD4A8D;
			productRefGroup = 4377CE91242A598600BD4A8D /* Products */;
			projectDirPath = "";
			projectRoot = "";
			targets = (
				4377CE8F242A598600BD4A8D /* StepWidget */,
				4377CEA5242A598A00BD4A8D /* StepWidgetTests */,
				439D402B24327E7300D80CE8 /* StepWidgetWidget */,
			);
		};
/* End PBXProject section */

/* Begin PBXResourcesBuildPhase section */
		4377CE8E242A598600BD4A8D /* Resources */ = {
			isa = PBXResourcesBuildPhase;
			buildActionMask = 2147483647;
			files = (
				4377CEA0242A598900BD4A8D /* LaunchScreen.storyboard in Resources */,
				4377CE9D242A598900BD4A8D /* Preview Assets.xcassets in Resources */,
				4377CE9A242A598900BD4A8D /* Assets.xcassets in Resources */,
			);
			runOnlyForDeploymentPostprocessing = 0;
		};
		4377CEA4242A598A00BD4A8D /* Resources */ = {
			isa = PBXResourcesBuildPhase;
			buildActionMask = 2147483647;
			files = (
			);
			runOnlyForDeploymentPostprocessing = 0;
		};
		439D402A24327E7300D80CE8 /* Resources */ = {
			isa = PBXResourcesBuildPhase;
			buildActionMask = 2147483647;
			files = (
				439D403424327E7300D80CE8 /* MainInterface.storyboard in Resources */,
			);
			runOnlyForDeploymentPostprocessing = 0;
		};
/* End PBXResourcesBuildPhase section */

/* Begin PBXSourcesBuildPhase section */
		4377CE8C242A598600BD4A8D /* Sources */ = {
			isa = PBXSourcesBuildPhase;
			buildActionMask = 2147483647;
			files = (
				4377CE94242A598600BD4A8D /* AppDelegate.swift in Sources */,
				4377CE96242A598600BD4A8D /* SceneDelegate.swift in Sources */,
				4377CEBC242BB89E00BD4A8D /* HealthDataStore.swift in Sources */,
				4377CE98242A598600BD4A8D /* ContentView.swift in Sources */,
				4377CEBA242A5D6F00BD4A8D /* HealthKitAssistant.swift in Sources */,
			);
			runOnlyForDeploymentPostprocessing = 0;
		};
		4377CEA2242A598A00BD4A8D /* Sources */ = {
			isa = PBXSourcesBuildPhase;
			buildActionMask = 2147483647;
			files = (
				4377CEAB242A598A00BD4A8D /* StepWidgetTests.swift in Sources */,
			);
			runOnlyForDeploymentPostprocessing = 0;
		};
		439D402824327E7300D80CE8 /* Sources */ = {
			isa = PBXSourcesBuildPhase;
			buildActionMask = 2147483647;
			files = (
				439D403124327E7300D80CE8 /* TodayViewController.swift in Sources */,
			);
			runOnlyForDeploymentPostprocessing = 0;
		};
/* End PBXSourcesBuildPhase section */

/* Begin PBXTargetDependency section */
		4377CEA8242A598A00BD4A8D /* PBXTargetDependency */ = {
			isa = PBXTargetDependency;
			target = 4377CE8F242A598600BD4A8D /* StepWidget */;
			targetProxy = 4377CEA7242A598A00BD4A8D /* PBXContainerItemProxy */;
		};
		439D403724327E7300D80CE8 /* PBXTargetDependency */ = {
			isa = PBXTargetDependency;
			target = 439D402B24327E7300D80CE8 /* StepWidgetWidget */;
			targetProxy = 439D403624327E7300D80CE8 /* PBXContainerItemProxy */;
		};
/* End PBXTargetDependency section */

/* Begin PBXVariantGroup section */
		4377CE9E242A598900BD4A8D /* LaunchScreen.storyboard */ = {
			isa = PBXVariantGroup;
			children = (
				4377CE9F242A598900BD4A8D /* Base */,
			);
			name = LaunchScreen.storyboard;
			sourceTree = "<group>";
		};
		439D403224327E7300D80CE8 /* MainInterface.storyboard */ = {
			isa = PBXVariantGroup;
			children = (
				439D403324327E7300D80CE8 /* Base */,
			);
			name = MainInterface.storyboard;
			sourceTree = "<group>";
		};
/* End PBXVariantGroup section */

/* Begin XCBuildConfiguration section */
		4377CEAD242A598A00BD4A8D /* Debug */ = {
			isa = XCBuildConfiguration;
			buildSettings = {
				ALWAYS_SEARCH_USER_PATHS = NO;
				CLANG_ANALYZER_NONNULL = YES;
				CLANG_ANALYZER_NUMBER_OBJECT_CONVERSION = YES_AGGRESSIVE;
				CLANG_CXX_LANGUAGE_STANDARD = "gnu++14";
				CLANG_CXX_LIBRARY = "libc++";
				CLANG_ENABLE_MODULES = YES;
				CLANG_ENABLE_OBJC_ARC = YES;
				CLANG_ENABLE_OBJC_WEAK = YES;
				CLANG_WARN_BLOCK_CAPTURE_AUTORELEASING = YES;
				CLANG_WARN_BOOL_CONVERSION = YES;
				CLANG_WARN_COMMA = YES;
				CLANG_WARN_CONSTANT_CONVERSION = YES;
				CLANG_WARN_DEPRECATED_OBJC_IMPLEMENTATIONS = YES;
				CLANG_WARN_DIRECT_OBJC_ISA_USAGE = YES_ERROR;
				CLANG_WARN_DOCUMENTATION_COMMENTS = YES;
				CLANG_WARN_EMPTY_BODY = YES;
				CLANG_WARN_ENUM_CONVERSION = YES;
				CLANG_WARN_INFINITE_RECURSION = YES;
				CLANG_WARN_INT_CONVERSION = YES;
				CLANG_WARN_NON_LITERAL_NULL_CONVERSION = YES;
				CLANG_WARN_OBJC_IMPLICIT_RETAIN_SELF = YES;
				CLANG_WARN_OBJC_LITERAL_CONVERSION = YES;
				CLANG_WARN_OBJC_ROOT_CLASS = YES_ERROR;
				CLANG_WARN_RANGE_LOOP_ANALYSIS = YES;
				CLANG_WARN_STRICT_PROTOTYPES = YES;
				CLANG_WARN_SUSPICIOUS_MOVE = YES;
				CLANG_WARN_UNGUARDED_AVAILABILITY = YES_AGGRESSIVE;
				CLANG_WARN_UNREACHABLE_CODE = YES;
				CLANG_WARN__DUPLICATE_METHOD_MATCH = YES;
				COPY_PHASE_STRIP = NO;
				DEBUG_INFORMATION_FORMAT = dwarf;
				ENABLE_STRICT_OBJC_MSGSEND = YES;
				ENABLE_TESTABILITY = YES;
				GCC_C_LANGUAGE_STANDARD = gnu11;
				GCC_DYNAMIC_NO_PIC = NO;
				GCC_NO_COMMON_BLOCKS = YES;
				GCC_OPTIMIZATION_LEVEL = 0;
				GCC_PREPROCESSOR_DEFINITIONS = (
					"DEBUG=1",
					"$(inherited)",
				);
				GCC_WARN_64_TO_32_BIT_CONVERSION = YES;
				GCC_WARN_ABOUT_RETURN_TYPE = YES_ERROR;
				GCC_WARN_UNDECLARED_SELECTOR = YES;
				GCC_WARN_UNINITIALIZED_AUTOS = YES_AGGRESSIVE;
				GCC_WARN_UNUSED_FUNCTION = YES;
				GCC_WARN_UNUSED_VARIABLE = YES;
				IPHONEOS_DEPLOYMENT_TARGET = 13.2;
				MTL_ENABLE_DEBUG_INFO = INCLUDE_SOURCE;
				MTL_FAST_MATH = YES;
				ONLY_ACTIVE_ARCH = YES;
				SDKROOT = iphoneos;
				SWIFT_ACTIVE_COMPILATION_CONDITIONS = DEBUG;
				SWIFT_OPTIMIZATION_LEVEL = "-Onone";
			};
			name = Debug;
		};
		4377CEAE242A598A00BD4A8D /* Release */ = {
			isa = XCBuildConfiguration;
			buildSettings = {
				ALWAYS_SEARCH_USER_PATHS = NO;
				CLANG_ANALYZER_NONNULL = YES;
				CLANG_ANALYZER_NUMBER_OBJECT_CONVERSION = YES_AGGRESSIVE;
				CLANG_CXX_LANGUAGE_STANDARD = "gnu++14";
				CLANG_CXX_LIBRARY = "libc++";
				CLANG_ENABLE_MODULES = YES;
				CLANG_ENABLE_OBJC_ARC = YES;
				CLANG_ENABLE_OBJC_WEAK = YES;
				CLANG_WARN_BLOCK_CAPTURE_AUTORELEASING = YES;
				CLANG_WARN_BOOL_CONVERSION = YES;
				CLANG_WARN_COMMA = YES;
				CLANG_WARN_CONSTANT_CONVERSION = YES;
				CLANG_WARN_DEPRECATED_OBJC_IMPLEMENTATIONS = YES;
				CLANG_WARN_DIRECT_OBJC_ISA_USAGE = YES_ERROR;
				CLANG_WARN_DOCUMENTATION_COMMENTS = YES;
				CLANG_WARN_EMPTY_BODY = YES;
				CLANG_WARN_ENUM_CONVERSION = YES;
				CLANG_WARN_INFINITE_RECURSION = YES;
				CLANG_WARN_INT_CONVERSION = YES;
				CLANG_WARN_NON_LITERAL_NULL_CONVERSION = YES;
				CLANG_WARN_OBJC_IMPLICIT_RETAIN_SELF = YES;
				CLANG_WARN_OBJC_LITERAL_CONVERSION = YES;
				CLANG_WARN_OBJC_ROOT_CLASS = YES_ERROR;
				CLANG_WARN_RANGE_LOOP_ANALYSIS = YES;
				CLANG_WARN_STRICT_PROTOTYPES = YES;
				CLANG_WARN_SUSPICIOUS_MOVE = YES;
				CLANG_WARN_UNGUARDED_AVAILABILITY = YES_AGGRESSIVE;
				CLANG_WARN_UNREACHABLE_CODE = YES;
				CLANG_WARN__DUPLICATE_METHOD_MATCH = YES;
				COPY_PHASE_STRIP = NO;
				DEBUG_INFORMATION_FORMAT = "dwarf-with-dsym";
				ENABLE_NS_ASSERTIONS = NO;
				ENABLE_STRICT_OBJC_MSGSEND = YES;
				GCC_C_LANGUAGE_STANDARD = gnu11;
				GCC_NO_COMMON_BLOCKS = YES;
				GCC_WARN_64_TO_32_BIT_CONVERSION = YES;
				GCC_WARN_ABOUT_RETURN_TYPE = YES_ERROR;
				GCC_WARN_UNDECLARED_SELECTOR = YES;
				GCC_WARN_UNINITIALIZED_AUTOS = YES_AGGRESSIVE;
				GCC_WARN_UNUSED_FUNCTION = YES;
				GCC_WARN_UNUSED_VARIABLE = YES;
				IPHONEOS_DEPLOYMENT_TARGET = 13.2;
				MTL_ENABLE_DEBUG_INFO = NO;
				MTL_FAST_MATH = YES;
				SDKROOT = iphoneos;
				SWIFT_COMPILATION_MODE = wholemodule;
				SWIFT_OPTIMIZATION_LEVEL = "-O";
				VALIDATE_PRODUCT = YES;
			};
			name = Release;
		};
		4377CEB0242A598A00BD4A8D /* Debug */ = {
			isa = XCBuildConfiguration;
			buildSettings = {
				ALWAYS_EMBED_SWIFT_STANDARD_LIBRARIES = YES;
				ASSETCATALOG_COMPILER_APPICON_NAME = AppIcon;
				CODE_SIGN_ENTITLEMENTS = StepWidget/StepWidget.entitlements;
				CODE_SIGN_STYLE = Automatic;
				DEVELOPMENT_ASSET_PATHS = "\"StepWidget/Preview Content\"";
				DEVELOPMENT_TEAM = 69MZ6T95LT;
				ENABLE_PREVIEWS = YES;
				INFOPLIST_FILE = StepWidget/Info.plist;
				LD_RUNPATH_SEARCH_PATHS = (
					"$(inherited)",
					"@executable_path/Frameworks",
				);
				PRODUCT_BUNDLE_IDENTIFIER = com.detroitlabs.StepWidget;
				PRODUCT_NAME = "$(TARGET_NAME)";
				SWIFT_VERSION = 5.0;
				TARGETED_DEVICE_FAMILY = "1,2";
			};
			name = Debug;
		};
		4377CEB1242A598A00BD4A8D /* Release */ = {
			isa = XCBuildConfiguration;
			buildSettings = {
				ALWAYS_EMBED_SWIFT_STANDARD_LIBRARIES = YES;
				ASSETCATALOG_COMPILER_APPICON_NAME = AppIcon;
				CODE_SIGN_ENTITLEMENTS = StepWidget/StepWidget.entitlements;
				CODE_SIGN_STYLE = Automatic;
				DEVELOPMENT_ASSET_PATHS = "\"StepWidget/Preview Content\"";
				DEVELOPMENT_TEAM = 69MZ6T95LT;
				ENABLE_PREVIEWS = YES;
				INFOPLIST_FILE = StepWidget/Info.plist;
				LD_RUNPATH_SEARCH_PATHS = (
					"$(inherited)",
					"@executable_path/Frameworks",
				);
				PRODUCT_BUNDLE_IDENTIFIER = com.detroitlabs.StepWidget;
				PRODUCT_NAME = "$(TARGET_NAME)";
				SWIFT_VERSION = 5.0;
				TARGETED_DEVICE_FAMILY = "1,2";
			};
			name = Release;
		};
		4377CEB3242A598A00BD4A8D /* Debug */ = {
			isa = XCBuildConfiguration;
			buildSettings = {
				ALWAYS_EMBED_SWIFT_STANDARD_LIBRARIES = YES;
				BUNDLE_LOADER = "$(TEST_HOST)";
				CODE_SIGN_STYLE = Automatic;
				DEVELOPMENT_TEAM = 69MZ6T95LT;
				INFOPLIST_FILE = StepWidgetTests/Info.plist;
				IPHONEOS_DEPLOYMENT_TARGET = 13.2;
				LD_RUNPATH_SEARCH_PATHS = (
					"$(inherited)",
					"@executable_path/Frameworks",
					"@loader_path/Frameworks",
				);
				PRODUCT_BUNDLE_IDENTIFIER = com.detroitlabs.StepWidgetTests;
				PRODUCT_NAME = "$(TARGET_NAME)";
				SWIFT_VERSION = 5.0;
				TARGETED_DEVICE_FAMILY = "1,2";
				TEST_HOST = "$(BUILT_PRODUCTS_DIR)/StepWidget.app/StepWidget";
			};
			name = Debug;
		};
		4377CEB4242A598A00BD4A8D /* Release */ = {
			isa = XCBuildConfiguration;
			buildSettings = {
				ALWAYS_EMBED_SWIFT_STANDARD_LIBRARIES = YES;
				BUNDLE_LOADER = "$(TEST_HOST)";
				CODE_SIGN_STYLE = Automatic;
				DEVELOPMENT_TEAM = 69MZ6T95LT;
				INFOPLIST_FILE = StepWidgetTests/Info.plist;
				IPHONEOS_DEPLOYMENT_TARGET = 13.2;
				LD_RUNPATH_SEARCH_PATHS = (
					"$(inherited)",
					"@executable_path/Frameworks",
					"@loader_path/Frameworks",
				);
				PRODUCT_BUNDLE_IDENTIFIER = com.detroitlabs.StepWidgetTests;
				PRODUCT_NAME = "$(TARGET_NAME)";
				SWIFT_VERSION = 5.0;
				TARGETED_DEVICE_FAMILY = "1,2";
				TEST_HOST = "$(BUILT_PRODUCTS_DIR)/StepWidget.app/StepWidget";
			};
			name = Release;
		};
		439D403A24327E7300D80CE8 /* Debug */ = {
			isa = XCBuildConfiguration;
			buildSettings = {
				CODE_SIGN_STYLE = Automatic;
				DEVELOPMENT_TEAM = 69MZ6T95LT;
				INFOPLIST_FILE = StepWidgetWidget/Info.plist;
				LD_RUNPATH_SEARCH_PATHS = (
					"$(inherited)",
					"@executable_path/Frameworks",
					"@executable_path/../../Frameworks",
				);
				PRODUCT_BUNDLE_IDENTIFIER = com.detroitlabs.StepWidget.StepWidgetWidget;
				PRODUCT_NAME = "$(TARGET_NAME)";
				SKIP_INSTALL = YES;
				SWIFT_VERSION = 5.0;
				TARGETED_DEVICE_FAMILY = "1,2";
			};
			name = Debug;
		};
		439D403B24327E7300D80CE8 /* Release */ = {
			isa = XCBuildConfiguration;
			buildSettings = {
				CODE_SIGN_STYLE = Automatic;
				DEVELOPMENT_TEAM = 69MZ6T95LT;
				INFOPLIST_FILE = StepWidgetWidget/Info.plist;
				LD_RUNPATH_SEARCH_PATHS = (
					"$(inherited)",
					"@executable_path/Frameworks",
					"@executable_path/../../Frameworks",
				);
				PRODUCT_BUNDLE_IDENTIFIER = com.detroitlabs.StepWidget.StepWidgetWidget;
				PRODUCT_NAME = "$(TARGET_NAME)";
				SKIP_INSTALL = YES;
				SWIFT_VERSION = 5.0;
				TARGETED_DEVICE_FAMILY = "1,2";
			};
			name = Release;
		};
/* End XCBuildConfiguration section */

/* Begin XCConfigurationList section */
		4377CE8B242A598600BD4A8D /* Build configuration list for PBXProject "StepWidget" */ = {
			isa = XCConfigurationList;
			buildConfigurations = (
				4377CEAD242A598A00BD4A8D /* Debug */,
				4377CEAE242A598A00BD4A8D /* Release */,
			);
			defaultConfigurationIsVisible = 0;
			defaultConfigurationName = Release;
		};
		4377CEAF242A598A00BD4A8D /* Build configuration list for PBXNativeTarget "StepWidget" */ = {
			isa = XCConfigurationList;
			buildConfigurations = (
				4377CEB0242A598A00BD4A8D /* Debug */,
				4377CEB1242A598A00BD4A8D /* Release */,
			);
			defaultConfigurationIsVisible = 0;
			defaultConfigurationName = Release;
		};
		4377CEB2242A598A00BD4A8D /* Build configuration list for PBXNativeTarget "StepWidgetTests" */ = {
			isa = XCConfigurationList;
			buildConfigurations = (
				4377CEB3242A598A00BD4A8D /* Debug */,
				4377CEB4242A598A00BD4A8D /* Release */,
			);
			defaultConfigurationIsVisible = 0;
			defaultConfigurationName = Release;
		};
		439D403C24327E7300D80CE8 /* Build configuration list for PBXNativeTarget "StepWidgetWidget" */ = {
			isa = XCConfigurationList;
			buildConfigurations = (
				439D403A24327E7300D80CE8 /* Debug */,
				439D403B24327E7300D80CE8 /* Release */,
			);
			defaultConfigurationIsVisible = 0;
			defaultConfigurationName = Release;
		};
/* End XCConfigurationList section */
	};
	rootObject = 4377CE88242A598600BD4A8D /* Project object */;
}
